
Microsoft Visual Studio Solution File, Format Version 12.00
# Visual Studio 2012
Project("{FAE04EC0-301F-11D3-BF4B-00C04F79EFBC}") = "CalcTests", "CalcTests\CalcTests.csproj", "{1D08C095-20B5-497D-9838-A85EFD5ECF14}"
EndProject
Project("{FAE04EC0-301F-11D3-BF4B-00C04F79EFBC}") = "Calc", "Calc\Calc.csproj", "{3B941481-9C1F-4273-818F-BABCB967E402}"
EndProject
Global
	GlobalSection(SolutionConfigurationPlatforms) = preSolution
		Debug|Any CPU = Debug|Any CPU
		Release|Any CPU = Release|Any CPU
	EndGlobalSection
	GlobalSection(ProjectConfigurationPlatforms) = postSolution
		{1D08C095-20B5-497D-9838-A85EFD5ECF14}.Debug|Any CPU.ActiveCfg = Debug|Any CPU
		{1D08C095-20B5-497D-9838-A85EFD5ECF14}.Debug|Any CPU.Build.0 = Debug|Any CPU
		{1D08C095-20B5-497D-9838-A85EFD5ECF14}.Release|Any CPU.ActiveCfg = Release|Any CPU
		{1D08C095-20B5-497D-9838-A85EFD5ECF14}.Release|Any CPU.Build.0 = Release|Any CPU
		{3B941481-9C1F-4273-818F-BABCB967E402}.Debug|Any CPU.ActiveCfg = Debug|Any CPU
		{3B941481-9C1F-4273-818F-BABCB967E402}.Debug|Any CPU.Build.0 = Debug|Any CPU
		{3B941481-9C1F-4273-818F-BABCB967E402}.Release|Any CPU.ActiveCfg = Release|Any CPU
		{3B941481-9C1F-4273-818F-BABCB967E402}.Release|Any CPU.Build.0 = Release|Any CPU
	EndGlobalSection
	GlobalSection(SolutionProperties) = preSolution
		HideSolutionNode = FALSE
	EndGlobalSection
EndGlobal
